
Microsoft Visual Studio Solution File, Format Version 11.00
# Visual Studio 2010
Project("{FAE04EC0-301F-11D3-BF4B-00C04F79EFBC}") = "LiteCqrs", "Projects\LiteCqrs\LiteCqrs.csproj", "{A5CBB3D0-20A8-4698-8DBC-661BBB7C5E77}"
EndProject
Project("{2150E333-8FDC-42A3-9474-1A3956D46DE8}") = "Solution Items", "Solution Items", "{4CD3E633-3D5A-44C7-92F9-D270724BFF6D}"
	ProjectSection(SolutionItems) = preProject
		License-LiteCqrs.txt = License-LiteCqrs.txt
		SharedAssemblyInfo.cs = SharedAssemblyInfo.cs
	EndProjectSection
EndProject
Global
	GlobalSection(SolutionConfigurationPlatforms) = preSolution
		Debug|Any CPU = Debug|Any CPU
		Release|Any CPU = Release|Any CPU
	EndGlobalSection
	GlobalSection(ProjectConfigurationPlatforms) = postSolution
		{A5CBB3D0-20A8-4698-8DBC-661BBB7C5E77}.Debug|Any CPU.ActiveCfg = Debug|Any CPU
		{A5CBB3D0-20A8-4698-8DBC-661BBB7C5E77}.Debug|Any CPU.Build.0 = Debug|Any CPU
		{A5CBB3D0-20A8-4698-8DBC-661BBB7C5E77}.Release|Any CPU.ActiveCfg = Release|Any CPU
		{A5CBB3D0-20A8-4698-8DBC-661BBB7C5E77}.Release|Any CPU.Build.0 = Release|Any CPU
	EndGlobalSection
	GlobalSection(SolutionProperties) = preSolution
		HideSolutionNode = FALSE
	EndGlobalSection
EndGlobal
